
Microsoft Visual Studio Solution File, Format Version 12.00
# Visual Studio Version 17
VisualStudioVersion = 17.11.35327.3
MinimumVisualStudioVersion = 10.0.40219.1
Project("{FAE04EC0-301F-11D3-BF4B-00C04F79EFBC}") = "Laba_5", "Laba_5.csproj", "{C843E873-9D41-44AD-8CC7-15026C8678F0}"
EndProject
Global
	GlobalSection(SolutionConfigurationPlatforms) = preSolution
		Debug|Any CPU = Debug|Any CPU
		Release|Any CPU = Release|Any CPU
	EndGlobalSection
	GlobalSection(ProjectConfigurationPlatforms) = postSolution
		{C843E873-9D41-44AD-8CC7-15026C8678F0}.Debug|Any CPU.ActiveCfg = Debug|Any CPU
		{C843E873-9D41-44AD-8CC7-15026C8678F0}.Debug|Any CPU.Build.0 = Debug|Any CPU
		{C843E873-9D41-44AD-8CC7-15026C8678F0}.Release|Any CPU.ActiveCfg = Release|Any CPU
		{C843E873-9D41-44AD-8CC7-15026C8678F0}.Release|Any CPU.Build.0 = Release|Any CPU
	EndGlobalSection
	GlobalSection(SolutionProperties) = preSolution
		HideSolutionNode = FALSE
	EndGlobalSection
	GlobalSection(ExtensibilityGlobals) = postSolution
		SolutionGuid = {3BEFA89D-333C-43A6-B043-7F1BEA30E1C4}
	EndGlobalSection
EndGlobal
