
Microsoft Visual Studio Solution File, Format Version 12.00
# Visual Studio Version 17
VisualStudioVersion = 17.11.35327.3
MinimumVisualStudioVersion = 10.0.40219.1
Project("{FAE04EC0-301F-11D3-BF4B-00C04F79EFBC}") = "Garland", "Garland.csproj", "{C2975B70-3415-4E20-B826-1BE50C0CE54F}"
EndProject
Global
	GlobalSection(SolutionConfigurationPlatforms) = preSolution
		Debug|Any CPU = Debug|Any CPU
		Release|Any CPU = Release|Any CPU
	EndGlobalSection
	GlobalSection(ProjectConfigurationPlatforms) = postSolution
		{C2975B70-3415-4E20-B826-1BE50C0CE54F}.Debug|Any CPU.ActiveCfg = Debug|Any CPU
		{C2975B70-3415-4E20-B826-1BE50C0CE54F}.Debug|Any CPU.Build.0 = Debug|Any CPU
		{C2975B70-3415-4E20-B826-1BE50C0CE54F}.Release|Any CPU.ActiveCfg = Release|Any CPU
		{C2975B70-3415-4E20-B826-1BE50C0CE54F}.Release|Any CPU.Build.0 = Release|Any CPU
	EndGlobalSection
	GlobalSection(SolutionProperties) = preSolution
		HideSolutionNode = FALSE
	EndGlobalSection
	GlobalSection(ExtensibilityGlobals) = postSolution
		SolutionGuid = {60A86426-D6FA-4B37-8318-877265FF4D85}
	EndGlobalSection
EndGlobal
